
Microsoft Visual Studio Solution File, Format Version 12.00
# Visual Studio Version 17
VisualStudioVersion = 17.0.31903.59
MinimumVisualStudioVersion = 10.0.40219.1
Project("{2150E333-8FDC-42A3-9474-1A3956D46DE8}") = "src", "src", "{3C506726-1F60-4A75-9D09-F0A1F5CEE794}"
EndProject
Project("{2150E333-8FDC-42A3-9474-1A3956D46DE8}") = "product", "product", "{A9C7E422-EAEC-4706-9393-8C766B035A51}"
EndProject
Project("{9A19103F-16F7-4668-BE54-9A1E7A4F7556}") = "Products.API", "src\product\Products.API\Products.API.csproj", "{2113C44A-838C-4A55-AAED-37DADD051937}"
EndProject
Project("{9A19103F-16F7-4668-BE54-9A1E7A4F7556}") = "Products.Data", "src\product\Products.Data\Products.Data.csproj", "{070FA0CA-E02C-4185-96EC-4214490B1220}"
EndProject
Project("{9A19103F-16F7-4668-BE54-9A1E7A4F7556}") = "Products.Service", "src\product\Products.Service\Products.Service.csproj", "{5634AA48-79C7-4F58-81CD-94A895D0A46A}"
EndProject
Project("{2150E333-8FDC-42A3-9474-1A3956D46DE8}") = "user", "user", "{A1E52144-716E-4F11-A3AA-214663441755}"
EndProject
Project("{9A19103F-16F7-4668-BE54-9A1E7A4F7556}") = "Users.API", "src\user\Users.API\Users.API.csproj", "{AD078107-610E-49E2-AE25-623594C2D5F4}"
EndProject
Project("{9A19103F-16F7-4668-BE54-9A1E7A4F7556}") = "Users.Data", "src\user\Users.Data\Users.Data.csproj", "{3F140BCA-929D-436B-9578-20C5B0CE8B6D}"
EndProject
Project("{9A19103F-16F7-4668-BE54-9A1E7A4F7556}") = "Users.Service", "src\user\Users.Service\Users.Service.csproj", "{729C4EAC-D29F-4A35-83AB-CA72BA3DC61D}"
EndProject
Project("{2150E333-8FDC-42A3-9474-1A3956D46DE8}") = "order", "order", "{AFAB0868-6159-40D7-A626-D4184B749125}"
EndProject
Project("{9A19103F-16F7-4668-BE54-9A1E7A4F7556}") = "Orders.API", "src\order\Orders.API\Orders.API.csproj", "{5EDF8142-A885-4123-A5A7-B12F754F4C86}"
EndProject
Project("{9A19103F-16F7-4668-BE54-9A1E7A4F7556}") = "Orders.Data", "src\order\Orders.Data\Orders.Data.csproj", "{EDD33945-E840-458C-B766-F8BC8A78D8C6}"
EndProject
Project("{2150E333-8FDC-42A3-9474-1A3956D46DE8}") = "Contract", "Contract", "{91603442-1918-4F68-9693-A921F1376CAA}"
EndProject
Project("{9A19103F-16F7-4668-BE54-9A1E7A4F7556}") = "Contract", "src\contract\CheckProductQuantity\Contract.csproj", "{32CC6ABB-E01D-4A82-B8E1-919DBBFEB59C}"
EndProject
Project("{FAE04EC0-301F-11D3-BF4B-00C04F79EFBC}") = "Orders.Service", "src\order\Orders.Service\Orders.Service.csproj", "{B69D1188-5C0E-4AA0-8B40-7C5A6B33BF6B}"
EndProject
Global
	GlobalSection(SolutionConfigurationPlatforms) = preSolution
		Debug|Any CPU = Debug|Any CPU
		Release|Any CPU = Release|Any CPU
	EndGlobalSection
	GlobalSection(ProjectConfigurationPlatforms) = postSolution
		{2113C44A-838C-4A55-AAED-37DADD051937}.Debug|Any CPU.ActiveCfg = Debug|Any CPU
		{2113C44A-838C-4A55-AAED-37DADD051937}.Debug|Any CPU.Build.0 = Debug|Any CPU
		{2113C44A-838C-4A55-AAED-37DADD051937}.Release|Any CPU.ActiveCfg = Release|Any CPU
		{2113C44A-838C-4A55-AAED-37DADD051937}.Release|Any CPU.Build.0 = Release|Any CPU
		{070FA0CA-E02C-4185-96EC-4214490B1220}.Debug|Any CPU.ActiveCfg = Debug|Any CPU
		{070FA0CA-E02C-4185-96EC-4214490B1220}.Debug|Any CPU.Build.0 = Debug|Any CPU
		{070FA0CA-E02C-4185-96EC-4214490B1220}.Release|Any CPU.ActiveCfg = Release|Any CPU
		{070FA0CA-E02C-4185-96EC-4214490B1220}.Release|Any CPU.Build.0 = Release|Any CPU
		{5634AA48-79C7-4F58-81CD-94A895D0A46A}.Debug|Any CPU.ActiveCfg = Debug|Any CPU
		{5634AA48-79C7-4F58-81CD-94A895D0A46A}.Debug|Any CPU.Build.0 = Debug|Any CPU
		{5634AA48-79C7-4F58-81CD-94A895D0A46A}.Release|Any CPU.ActiveCfg = Release|Any CPU
		{5634AA48-79C7-4F58-81CD-94A895D0A46A}.Release|Any CPU.Build.0 = Release|Any CPU
		{AD078107-610E-49E2-AE25-623594C2D5F4}.Debug|Any CPU.ActiveCfg = Debug|Any CPU
		{AD078107-610E-49E2-AE25-623594C2D5F4}.Debug|Any CPU.Build.0 = Debug|Any CPU
		{AD078107-610E-49E2-AE25-623594C2D5F4}.Release|Any CPU.ActiveCfg = Release|Any CPU
		{AD078107-610E-49E2-AE25-623594C2D5F4}.Release|Any CPU.Build.0 = Release|Any CPU
		{3F140BCA-929D-436B-9578-20C5B0CE8B6D}.Debug|Any CPU.ActiveCfg = Debug|Any CPU
		{3F140BCA-929D-436B-9578-20C5B0CE8B6D}.Debug|Any CPU.Build.0 = Debug|Any CPU
		{3F140BCA-929D-436B-9578-20C5B0CE8B6D}.Release|Any CPU.ActiveCfg = Release|Any CPU
		{3F140BCA-929D-436B-9578-20C5B0CE8B6D}.Release|Any CPU.Build.0 = Release|Any CPU
		{729C4EAC-D29F-4A35-83AB-CA72BA3DC61D}.Debug|Any CPU.ActiveCfg = Debug|Any CPU
		{729C4EAC-D29F-4A35-83AB-CA72BA3DC61D}.Debug|Any CPU.Build.0 = Debug|Any CPU
		{729C4EAC-D29F-4A35-83AB-CA72BA3DC61D}.Release|Any CPU.ActiveCfg = Release|Any CPU
		{729C4EAC-D29F-4A35-83AB-CA72BA3DC61D}.Release|Any CPU.Build.0 = Release|Any CPU
		{5EDF8142-A885-4123-A5A7-B12F754F4C86}.Debug|Any CPU.ActiveCfg = Debug|Any CPU
		{5EDF8142-A885-4123-A5A7-B12F754F4C86}.Debug|Any CPU.Build.0 = Debug|Any CPU
		{5EDF8142-A885-4123-A5A7-B12F754F4C86}.Release|Any CPU.ActiveCfg = Release|Any CPU
		{5EDF8142-A885-4123-A5A7-B12F754F4C86}.Release|Any CPU.Build.0 = Release|Any CPU
		{EDD33945-E840-458C-B766-F8BC8A78D8C6}.Debug|Any CPU.ActiveCfg = Debug|Any CPU
		{EDD33945-E840-458C-B766-F8BC8A78D8C6}.Debug|Any CPU.Build.0 = Debug|Any CPU
		{EDD33945-E840-458C-B766-F8BC8A78D8C6}.Release|Any CPU.ActiveCfg = Release|Any CPU
		{EDD33945-E840-458C-B766-F8BC8A78D8C6}.Release|Any CPU.Build.0 = Release|Any CPU
		{32CC6ABB-E01D-4A82-B8E1-919DBBFEB59C}.Debug|Any CPU.ActiveCfg = Debug|Any CPU
		{32CC6ABB-E01D-4A82-B8E1-919DBBFEB59C}.Debug|Any CPU.Build.0 = Debug|Any CPU
		{32CC6ABB-E01D-4A82-B8E1-919DBBFEB59C}.Release|Any CPU.ActiveCfg = Release|Any CPU
		{32CC6ABB-E01D-4A82-B8E1-919DBBFEB59C}.Release|Any CPU.Build.0 = Release|Any CPU
		{B69D1188-5C0E-4AA0-8B40-7C5A6B33BF6B}.Debug|Any CPU.ActiveCfg = Debug|Any CPU
		{B69D1188-5C0E-4AA0-8B40-7C5A6B33BF6B}.Debug|Any CPU.Build.0 = Debug|Any CPU
		{B69D1188-5C0E-4AA0-8B40-7C5A6B33BF6B}.Release|Any CPU.ActiveCfg = Release|Any CPU
		{B69D1188-5C0E-4AA0-8B40-7C5A6B33BF6B}.Release|Any CPU.Build.0 = Release|Any CPU
	EndGlobalSection
	GlobalSection(SolutionProperties) = preSolution
		HideSolutionNode = FALSE
	EndGlobalSection
	GlobalSection(NestedProjects) = preSolution
		{A9C7E422-EAEC-4706-9393-8C766B035A51} = {3C506726-1F60-4A75-9D09-F0A1F5CEE794}
		{2113C44A-838C-4A55-AAED-37DADD051937} = {A9C7E422-EAEC-4706-9393-8C766B035A51}
		{070FA0CA-E02C-4185-96EC-4214490B1220} = {A9C7E422-EAEC-4706-9393-8C766B035A51}
		{5634AA48-79C7-4F58-81CD-94A895D0A46A} = {A9C7E422-EAEC-4706-9393-8C766B035A51}
		{A1E52144-716E-4F11-A3AA-214663441755} = {3C506726-1F60-4A75-9D09-F0A1F5CEE794}
		{AD078107-610E-49E2-AE25-623594C2D5F4} = {A1E52144-716E-4F11-A3AA-214663441755}
		{3F140BCA-929D-436B-9578-20C5B0CE8B6D} = {A1E52144-716E-4F11-A3AA-214663441755}
		{729C4EAC-D29F-4A35-83AB-CA72BA3DC61D} = {A1E52144-716E-4F11-A3AA-214663441755}
		{AFAB0868-6159-40D7-A626-D4184B749125} = {3C506726-1F60-4A75-9D09-F0A1F5CEE794}
		{5EDF8142-A885-4123-A5A7-B12F754F4C86} = {AFAB0868-6159-40D7-A626-D4184B749125}
		{EDD33945-E840-458C-B766-F8BC8A78D8C6} = {AFAB0868-6159-40D7-A626-D4184B749125}
		{91603442-1918-4F68-9693-A921F1376CAA} = {3C506726-1F60-4A75-9D09-F0A1F5CEE794}
		{32CC6ABB-E01D-4A82-B8E1-919DBBFEB59C} = {91603442-1918-4F68-9693-A921F1376CAA}
		{B69D1188-5C0E-4AA0-8B40-7C5A6B33BF6B} = {AFAB0868-6159-40D7-A626-D4184B749125}
	EndGlobalSection
	GlobalSection(ExtensibilityGlobals) = postSolution
		SolutionGuid = {F10AF6DA-7979-4618-BDA2-8247A27C5959}
	EndGlobalSection
EndGlobal
